speakeasyVersion: 1.476.1
sources: {}
targets:
    supabase:
        source: Supabase API (v1)
workflow:
    workflowVersion: 1.0.0
    speakeasyVersion: latest
    sources:
        Supabase API (v1):
            inputs:
                - location: beta.yaml
            overlays:
                - location: .speakeasy/speakeasy-modifications-overlay.yaml
            registry:
                location: registry.speakeasyapi.dev/supabase/terraform-provider/supabase-api-(v-1)
    targets:
        supabase:
            target: terraform
            source: Supabase API (v1)
